// !$*UTF8*$!
{
	archiveVersion = 1;
	classes = {
	};
	objectVersion = 55;
	objects = {

/* Begin PBXBuildFile section */
		6FA93D61D585C347CB156EA9 /* Pods_SpaceXLaunch.framework in Frameworks */ = {isa = PBXBuildFile; fileRef = 655E1827C3B8AF7BE53D9093 /* Pods_SpaceXLaunch.framework */; };
		9D8941312777134A00570865 /* ContentViewController.swift in Sources */ = {isa = PBXBuildFile; fileRef = 9D8941302777134A00570865 /* ContentViewController.swift */; };
		9DD6C9F1277764F000C863A4 /* Dimension.swift in Sources */ = {isa = PBXBuildFile; fileRef = 9DD6C9F0277764F000C863A4 /* Dimension.swift */; };
		9DD6C9F327785CD300C863A4 /* RedditViewController.swift in Sources */ = {isa = PBXBuildFile; fileRef = 9DD6C9F227785CD300C863A4 /* RedditViewController.swift */; };
		9DE9EB242776AD2A00A319DB /* AppDelegate.swift in Sources */ = {isa = PBXBuildFile; fileRef = 9DE9EB232776AD2A00A319DB /* AppDelegate.swift */; };
		9DE9EB262776AD2A00A319DB /* SceneDelegate.swift in Sources */ = {isa = PBXBuildFile; fileRef = 9DE9EB252776AD2A00A319DB /* SceneDelegate.swift */; };
		9DE9EB2B2776AD2A00A319DB /* Main.storyboard in Resources */ = {isa = PBXBuildFile; fileRef = 9DE9EB292776AD2A00A319DB /* Main.storyboard */; };
		9DE9EB2D2776AD2B00A319DB /* Assets.xcassets in Resources */ = {isa = PBXBuildFile; fileRef = 9DE9EB2C2776AD2B00A319DB /* Assets.xcassets */; };
		9DE9EB302776AD2B00A319DB /* LaunchScreen.storyboard in Resources */ = {isa = PBXBuildFile; fileRef = 9DE9EB2E2776AD2B00A319DB /* LaunchScreen.storyboard */; };
		9DE9EB382776AD4200A319DB /* StoreItem.swift in Sources */ = {isa = PBXBuildFile; fileRef = 9DE9EB372776AD4200A319DB /* StoreItem.swift */; };
		9DF6089A2778B9BF004CF78C /* ViewController+Extenstions.swift in Sources */ = {isa = PBXBuildFile; fileRef = 9DF608992778B9BF004CF78C /* ViewController+Extenstions.swift */; };
/* End PBXBuildFile section */

/* Begin PBXFileReference section */
		655E1827C3B8AF7BE53D9093 /* Pods_SpaceXLaunch.framework */ = {isa = PBXFileReference; explicitFileType = wrapper.framework; includeInIndex = 0; path = Pods_SpaceXLaunch.framework; sourceTree = BUILT_PRODUCTS_DIR; };
		87BC29369A2B678B232C0C55 /* Pods-SpaceXLaunch.debug.xcconfig */ = {isa = PBXFileReference; includeInIndex = 1; lastKnownFileType = text.xcconfig; name = "Pods-SpaceXLaunch.debug.xcconfig"; path = "Target Support Files/Pods-SpaceXLaunch/Pods-SpaceXLaunch.debug.xcconfig"; sourceTree = "<group>"; };
		9D8941302777134A00570865 /* ContentViewController.swift */ = {isa = PBXFileReference; lastKnownFileType = sourcecode.swift; path = ContentViewController.swift; sourceTree = "<group>"; };
		9DD6C9F0277764F000C863A4 /* Dimension.swift */ = {isa = PBXFileReference; lastKnownFileType = sourcecode.swift; path = Dimension.swift; sourceTree = "<group>"; };
		9DD6C9F227785CD300C863A4 /* RedditViewController.swift */ = {isa = PBXFileReference; lastKnownFileType = sourcecode.swift; path = RedditViewController.swift; sourceTree = "<group>"; };
		9DE9EB202776AD2A00A319DB /* SpaceXLaunch.app */ = {isa = PBXFileReference; explicitFileType = wrapper.application; includeInIndex = 0; path = SpaceXLaunch.app; sourceTree = BUILT_PRODUCTS_DIR; };
		9DE9EB232776AD2A00A319DB /* AppDelegate.swift */ = {isa = PBXFileReference; lastKnownFileType = sourcecode.swift; path = AppDelegate.swift; sourceTree = "<group>"; };
		9DE9EB252776AD2A00A319DB /* SceneDelegate.swift */ = {isa = PBXFileReference; lastKnownFileType = sourcecode.swift; path = SceneDelegate.swift; sourceTree = "<group>"; };
		9DE9EB2A2776AD2A00A319DB /* Base */ = {isa = PBXFileReference; lastKnownFileType = file.storyboard; name = Base; path = Base.lproj/Main.storyboard; sourceTree = "<group>"; };
		9DE9EB2C2776AD2B00A319DB /* Assets.xcassets */ = {isa = PBXFileReference; lastKnownFileType = folder.assetcatalog; path = Assets.xcassets; sourceTree = "<group>"; };
		9DE9EB2F2776AD2B00A319DB /* Base */ = {isa = PBXFileReference; lastKnownFileType = file.storyboard; name = Base; path = Base.lproj/LaunchScreen.storyboard; sourceTree = "<group>"; };
		9DE9EB312776AD2B00A319DB /* Info.plist */ = {isa = PBXFileReference; lastKnownFileType = text.plist.xml; path = Info.plist; sourceTree = "<group>"; };
		9DE9EB372776AD4200A319DB /* StoreItem.swift */ = {isa = PBXFileReference; lastKnownFileType = sourcecode.swift; path = StoreItem.swift; sourceTree = "<group>"; };
		9DF608992778B9BF004CF78C /* ViewController+Extenstions.swift */ = {isa = PBXFileReference; lastKnownFileType = sourcecode.swift; name = "ViewController+Extenstions.swift"; path = "/Users/kylelei/Developer/PeterPan II_Exercise/SpaceXLaunch/SpaceXLaunch/ViewController/ViewController+Extenstions.swift"; sourceTree = "<absolute>"; };
		B908984D6B0AEEE4E69AC2DD /* Pods-SpaceXLaunch.release.xcconfig */ = {isa = PBXFileReference; includeInIndex = 1; lastKnownFileType = text.xcconfig; name = "Pods-SpaceXLaunch.release.xcconfig"; path = "Target Support Files/Pods-SpaceXLaunch/Pods-SpaceXLaunch.release.xcconfig"; sourceTree = "<group>"; };
/* End PBXFileReference section */

/* Begin PBXFrameworksBuildPhase section */
		9DE9EB1D2776AD2A00A319DB /* Frameworks */ = {
			isa = PBXFrameworksBuildPhase;
			buildActionMask = 2147483647;
			files = (
				6FA93D61D585C347CB156EA9 /* Pods_SpaceXLaunch.framework in Frameworks */,
			);
			runOnlyForDeploymentPostprocessing = 0;
		};
/* End PBXFrameworksBuildPhase section */

/* Begin PBXGroup section */
		4BF05086767F391A3434ED8A /* Frameworks */ = {
			isa = PBXGroup;
			children = (
				655E1827C3B8AF7BE53D9093 /* Pods_SpaceXLaunch.framework */,
			);
			name = Frameworks;
			sourceTree = "<group>";
		};
		4D6AF5A01DE48A832E349367 /* Pods */ = {
			isa = PBXGroup;
			children = (
				87BC29369A2B678B232C0C55 /* Pods-SpaceXLaunch.debug.xcconfig */,
				B908984D6B0AEEE4E69AC2DD /* Pods-SpaceXLaunch.release.xcconfig */,
			);
			path = Pods;
			sourceTree = "<group>";
		};
		9DE9EB172776AD2A00A319DB = {
			isa = PBXGroup;
			children = (
				9DE9EB222776AD2A00A319DB /* SpaceXLaunch */,
				9DE9EB212776AD2A00A319DB /* Products */,
				4D6AF5A01DE48A832E349367 /* Pods */,
				4BF05086767F391A3434ED8A /* Frameworks */,
			);
			sourceTree = "<group>";
		};
		9DE9EB212776AD2A00A319DB /* Products */ = {
			isa = PBXGroup;
			children = (
				9DE9EB202776AD2A00A319DB /* SpaceXLaunch.app */,
			);
			name = Products;
			sourceTree = "<group>";
		};
		9DE9EB222776AD2A00A319DB /* SpaceXLaunch */ = {
			isa = PBXGroup;
			children = (
				9DE9EB232776AD2A00A319DB /* AppDelegate.swift */,
				9DE9EB252776AD2A00A319DB /* SceneDelegate.swift */,
				9DE9EB292776AD2A00A319DB /* Main.storyboard */,
				9DE9EB402776BE1500A319DB /* ViewController */,
				9DE9EB3F2776BDF000A319DB /* Model */,
				9DE9EB2C2776AD2B00A319DB /* Assets.xcassets */,
				9DE9EB2E2776AD2B00A319DB /* LaunchScreen.storyboard */,
				9DE9EB312776AD2B00A319DB /* Info.plist */,
			);
			path = SpaceXLaunch;
			sourceTree = "<group>";
		};
		9DE9EB3F2776BDF000A319DB /* Model */ = {
			isa = PBXGroup;
			children = (
				9DE9EB372776AD4200A319DB /* StoreItem.swift */,
				9DD6C9F0277764F000C863A4 /* Dimension.swift */,
			);
			path = Model;
			sourceTree = "<group>";
		};
		9DE9EB402776BE1500A319DB /* ViewController */ = {
			isa = PBXGroup;
			children = (
				9D8941302777134A00570865 /* ContentViewController.swift */,
				9DD6C9F227785CD300C863A4 /* RedditViewController.swift */,
				9DF608992778B9BF004CF78C /* ViewController+Extenstions.swift */,
			);
			path = ViewController;
			sourceTree = "<group>";
		};
/* End PBXGroup section */

/* Begin PBXNativeTarget section */
		9DE9EB1F2776AD2A00A319DB /* SpaceXLaunch */ = {
			isa = PBXNativeTarget;
			buildConfigurationList = 9DE9EB342776AD2B00A319DB /* Build configuration list for PBXNativeTarget "SpaceXLaunch" */;
			buildPhases = (
				4648AE39B56FFB537D6141FF /* [CP] Check Pods Manifest.lock */,
				9DE9EB1C2776AD2A00A319DB /* Sources */,
				9DE9EB1D2776AD2A00A319DB /* Frameworks */,
				9DE9EB1E2776AD2A00A319DB /* Resources */,
				E004724A4D9A4F0CBD8559EA /* [CP] Embed Pods Frameworks */,
			);
			buildRules = (
			);
			dependencies = (
			);
			name = SpaceXLaunch;
			productName = SpaceXLaunch;
			productReference = 9DE9EB202776AD2A00A319DB /* SpaceXLaunch.app */;
			productType = "com.apple.product-type.application";
		};
/* End PBXNativeTarget section */

/* Begin PBXProject section */
		9DE9EB182776AD2A00A319DB /* Project object */ = {
			isa = PBXProject;
			attributes = {
				BuildIndependentTargetsInParallel = 1;
				LastSwiftUpdateCheck = 1320;
				LastUpgradeCheck = 1320;
				TargetAttributes = {
					9DE9EB1F2776AD2A00A319DB = {
						CreatedOnToolsVersion = 13.2;
					};
				};
			};
			buildConfigurationList = 9DE9EB1B2776AD2A00A319DB /* Build configuration list for PBXProject "SpaceXLaunch" */;
			compatibilityVersion = "Xcode 13.0";
			developmentRegion = en;
			hasScannedForEncodings = 0;
			knownRegions = (
				en,
				Base,
			);
			mainGroup = 9DE9EB172776AD2A00A319DB;
			productRefGroup = 9DE9EB212776AD2A00A319DB /* Products */;
			projectDirPath = "";
			projectRoot = "";
			targets = (
				9DE9EB1F2776AD2A00A319DB /* SpaceXLaunch */,
			);
		};
/* End PBXProject section */

/* Begin PBXResourcesBuildPhase section */
		9DE9EB1E2776AD2A00A319DB /* Resources */ = {
			isa = PBXResourcesBuildPhase;
			buildActionMask = 2147483647;
			files = (
				9DE9EB302776AD2B00A319DB /* LaunchScreen.storyboard in Resources */,
				9DE9EB2D2776AD2B00A319DB /* Assets.xcassets in Resources */,
				9DE9EB2B2776AD2A00A319DB /* Main.storyboard in Resources */,
			);
			runOnlyForDeploymentPostprocessing = 0;
		};
/* End PBXResourcesBuildPhase section */

/* Begin PBXShellScriptBuildPhase section */
		4648AE39B56FFB537D6141FF /* [CP] Check Pods Manifest.lock */ = {
			isa = PBXShellScriptBuildPhase;
			buildActionMask = 2147483647;
			files = (
			);
			inputFileListPaths = (
			);
			inputPaths = (
				"${PODS_PODFILE_DIR_PATH}/Podfile.lock",
				"${PODS_ROOT}/Manifest.lock",
			);
			name = "[CP] Check Pods Manifest.lock";
			outputFileListPaths = (
			);
			outputPaths = (
				"$(DERIVED_FILE_DIR)/Pods-SpaceXLaunch-checkManifestLockResult.txt",
			);
			runOnlyForDeploymentPostprocessing = 0;
			shellPath = /bin/sh;
			shellScript = "diff \"${PODS_PODFILE_DIR_PATH}/Podfile.lock\" \"${PODS_ROOT}/Manifest.lock\" > /dev/null\nif [ $? != 0 ] ; then\n    # print error to STDERR\n    echo \"error: The sandbox is not in sync with the Podfile.lock. Run 'pod install' or update your CocoaPods installation.\" >&2\n    exit 1\nfi\n# This output is used by Xcode 'outputs' to avoid re-running this script phase.\necho \"SUCCESS\" > \"${SCRIPT_OUTPUT_FILE_0}\"\n";
			showEnvVarsInLog = 0;
		};
		E004724A4D9A4F0CBD8559EA /* [CP] Embed Pods Frameworks */ = {
			isa = PBXShellScriptBuildPhase;
			buildActionMask = 2147483647;
			files = (
			);
			inputFileListPaths = (
				"${PODS_ROOT}/Target Support Files/Pods-SpaceXLaunch/Pods-SpaceXLaunch-frameworks-${CONFIGURATION}-input-files.xcfilelist",
			);
			name = "[CP] Embed Pods Frameworks";
			outputFileListPaths = (
				"${PODS_ROOT}/Target Support Files/Pods-SpaceXLaunch/Pods-SpaceXLaunch-frameworks-${CONFIGURATION}-output-files.xcfilelist",
			);
			runOnlyForDeploymentPostprocessing = 0;
			shellPath = /bin/sh;
			shellScript = "\"${PODS_ROOT}/Target Support Files/Pods-SpaceXLaunch/Pods-SpaceXLaunch-frameworks.sh\"\n";
			showEnvVarsInLog = 0;
		};
/* End PBXShellScriptBuildPhase section */

/* Begin PBXSourcesBuildPhase section */
		9DE9EB1C2776AD2A00A319DB /* Sources */ = {
			isa = PBXSourcesBuildPhase;
			buildActionMask = 2147483647;
			files = (
				9DD6C9F327785CD300C863A4 /* RedditViewController.swift in Sources */,
				9DF6089A2778B9BF004CF78C /* ViewController+Extenstions.swift in Sources */,
				9DE9EB242776AD2A00A319DB /* AppDelegate.swift in Sources */,
				9DD6C9F1277764F000C863A4 /* Dimension.swift in Sources */,
				9DE9EB382776AD4200A319DB /* StoreItem.swift in Sources */,
				9DE9EB262776AD2A00A319DB /* SceneDelegate.swift in Sources */,
				9D8941312777134A00570865 /* ContentViewController.swift in Sources */,
			);
			runOnlyForDeploymentPostprocessing = 0;
		};
/* End PBXSourcesBuildPhase section */

/* Begin PBXVariantGroup section */
		9DE9EB292776AD2A00A319DB /* Main.storyboard */ = {
			isa = PBXVariantGroup;
			children = (
				9DE9EB2A2776AD2A00A319DB /* Base */,
			);
			name = Main.storyboard;
			sourceTree = "<group>";
		};
		9DE9EB2E2776AD2B00A319DB /* LaunchScreen.storyboard */ = {
			isa = PBXVariantGroup;
			children = (
				9DE9EB2F2776AD2B00A319DB /* Base */,
			);
			name = LaunchScreen.storyboard;
			sourceTree = "<group>";
		};
/* End PBXVariantGroup section */

/* Begin XCBuildConfiguration section */
		9DE9EB322776AD2B00A319DB /* Debug */ = {
			isa = XCBuildConfiguration;
			buildSettings = {
				ALWAYS_SEARCH_USER_PATHS = NO;
				CLANG_ANALYZER_NONNULL = YES;
				CLANG_ANALYZER_NUMBER_OBJECT_CONVERSION = YES_AGGRESSIVE;
				CLANG_CXX_LANGUAGE_STANDARD = "gnu++17";
				CLANG_CXX_LIBRARY = "libc++";
				CLANG_ENABLE_MODULES = YES;
				CLANG_ENABLE_OBJC_ARC = YES;
				CLANG_ENABLE_OBJC_WEAK = YES;
				CLANG_WARN_BLOCK_CAPTURE_AUTORELEASING = YES;
				CLANG_WARN_BOOL_CONVERSION = YES;
				CLANG_WARN_COMMA = YES;
				CLANG_WARN_CONSTANT_CONVERSION = YES;
				CLANG_WARN_DEPRECATED_OBJC_IMPLEMENTATIONS = YES;
				CLANG_WARN_DIRECT_OBJC_ISA_USAGE = YES_ERROR;
				CLANG_WARN_DOCUMENTATION_COMMENTS = YES;
				CLANG_WARN_EMPTY_BODY = YES;
				CLANG_WARN_ENUM_CONVERSION = YES;
				CLANG_WARN_INFINITE_RECURSION = YES;
				CLANG_WARN_INT_CONVERSION = YES;
				CLANG_WARN_NON_LITERAL_NULL_CONVERSION = YES;
				CLANG_WARN_OBJC_IMPLICIT_RETAIN_SELF = YES;
				CLANG_WARN_OBJC_LITERAL_CONVERSION = YES;
				CLANG_WARN_OBJC_ROOT_CLASS = YES_ERROR;
				CLANG_WARN_QUOTED_INCLUDE_IN_FRAMEWORK_HEADER = YES;
				CLANG_WARN_RANGE_LOOP_ANALYSIS = YES;
				CLANG_WARN_STRICT_PROTOTYPES = YES;
				CLANG_WARN_SUSPICIOUS_MOVE = YES;
				CLANG_WARN_UNGUARDED_AVAILABILITY = YES_AGGRESSIVE;
				CLANG_WARN_UNREACHABLE_CODE = YES;
				CLANG_WARN__DUPLICATE_METHOD_MATCH = YES;
				COPY_PHASE_STRIP = NO;
				DEBUG_INFORMATION_FORMAT = dwarf;
				ENABLE_STRICT_OBJC_MSGSEND = YES;
				ENABLE_TESTABILITY = YES;
				GCC_C_LANGUAGE_STANDARD = gnu11;
				GCC_DYNAMIC_NO_PIC = NO;
				GCC_NO_COMMON_BLOCKS = YES;
				GCC_OPTIMIZATION_LEVEL = 0;
				GCC_PREPROCESSOR_DEFINITIONS = (
					"DEBUG=1",
					"$(inherited)",
				);
				GCC_WARN_64_TO_32_BIT_CONVERSION = YES;
				GCC_WARN_ABOUT_RETURN_TYPE = YES_ERROR;
				GCC_WARN_UNDECLARED_SELECTOR = YES;
				GCC_WARN_UNINITIALIZED_AUTOS = YES_AGGRESSIVE;
				GCC_WARN_UNUSED_FUNCTION = YES;
				GCC_WARN_UNUSED_VARIABLE = YES;
				IPHONEOS_DEPLOYMENT_TARGET = 15.2;
				MTL_ENABLE_DEBUG_INFO = INCLUDE_SOURCE;
				MTL_FAST_MATH = YES;
				ONLY_ACTIVE_ARCH = YES;
				SDKROOT = iphoneos;
				SWIFT_ACTIVE_COMPILATION_CONDITIONS = DEBUG;
				SWIFT_OPTIMIZATION_LEVEL = "-Onone";
			};
			name = Debug;
		};
		9DE9EB332776AD2B00A319DB /* Release */ = {
			isa = XCBuildConfiguration;
			buildSettings = {
				ALWAYS_SEARCH_USER_PATHS = NO;
				CLANG_ANALYZER_NONNULL = YES;
				CLANG_ANALYZER_NUMBER_OBJECT_CONVERSION = YES_AGGRESSIVE;
				CLANG_CXX_LANGUAGE_STANDARD = "gnu++17";
				CLANG_CXX_LIBRARY = "libc++";
				CLANG_ENABLE_MODULES = YES;
				CLANG_ENABLE_OBJC_ARC = YES;
				CLANG_ENABLE_OBJC_WEAK = YES;
				CLANG_WARN_BLOCK_CAPTURE_AUTORELEASING = YES;
				CLANG_WARN_BOOL_CONVERSION = YES;
				CLANG_WARN_COMMA = YES;
				CLANG_WARN_CONSTANT_CONVERSION = YES;
				CLANG_WARN_DEPRECATED_OBJC_IMPLEMENTATIONS = YES;
				CLANG_WARN_DIRECT_OBJC_ISA_USAGE = YES_ERROR;
				CLANG_WARN_DOCUMENTATION_COMMENTS = YES;
				CLANG_WARN_EMPTY_BODY = YES;
				CLANG_WARN_ENUM_CONVERSION = YES;
				CLANG_WARN_INFINITE_RECURSION = YES;
				CLANG_WARN_INT_CONVERSION = YES;
				CLANG_WARN_NON_LITERAL_NULL_CONVERSION = YES;
				CLANG_WARN_OBJC_IMPLICIT_RETAIN_SELF = YES;
				CLANG_WARN_OBJC_LITERAL_CONVERSION = YES;
				CLANG_WARN_OBJC_ROOT_CLASS = YES_ERROR;
				CLANG_WARN_QUOTED_INCLUDE_IN_FRAMEWORK_HEADER = YES;
				CLANG_WARN_RANGE_LOOP_ANALYSIS = YES;
				CLANG_WARN_STRICT_PROTOTYPES = YES;
				CLANG_WARN_SUSPICIOUS_MOVE = YES;
				CLANG_WARN_UNGUARDED_AVAILABILITY = YES_AGGRESSIVE;
				CLANG_WARN_UNREACHABLE_CODE = YES;
				CLANG_WARN__DUPLICATE_METHOD_MATCH = YES;
				COPY_PHASE_STRIP = NO;
				DEBUG_INFORMATION_FORMAT = "dwarf-with-dsym";
				ENABLE_NS_ASSERTIONS = NO;
				ENABLE_STRICT_OBJC_MSGSEND = YES;
				GCC_C_LANGUAGE_STANDARD = gnu11;
				GCC_NO_COMMON_BLOCKS = YES;
				GCC_WARN_64_TO_32_BIT_CONVERSION = YES;
				GCC_WARN_ABOUT_RETURN_TYPE = YES_ERROR;
				GCC_WARN_UNDECLARED_SELECTOR = YES;
				GCC_WARN_UNINITIALIZED_AUTOS = YES_AGGRESSIVE;
				GCC_WARN_UNUSED_FUNCTION = YES;
				GCC_WARN_UNUSED_VARIABLE = YES;
				IPHONEOS_DEPLOYMENT_TARGET = 15.2;
				MTL_ENABLE_DEBUG_INFO = NO;
				MTL_FAST_MATH = YES;
				SDKROOT = iphoneos;
				SWIFT_COMPILATION_MODE = wholemodule;
				SWIFT_OPTIMIZATION_LEVEL = "-O";
				VALIDATE_PRODUCT = YES;
			};
			name = Release;
		};
		9DE9EB352776AD2B00A319DB /* Debug */ = {
			isa = XCBuildConfiguration;
			baseConfigurationReference = 87BC29369A2B678B232C0C55 /* Pods-SpaceXLaunch.debug.xcconfig */;
			buildSettings = {
				ASSETCATALOG_COMPILER_APPICON_NAME = AppIcon;
				ASSETCATALOG_COMPILER_GLOBAL_ACCENT_COLOR_NAME = AccentColor;
				CODE_SIGN_STYLE = Automatic;
				CURRENT_PROJECT_VERSION = 1;
				DEVELOPMENT_TEAM = 2H2SS3HKUX;
				GENERATE_INFOPLIST_FILE = YES;
				INFOPLIST_FILE = SpaceXLaunch/Info.plist;
				INFOPLIST_KEY_UIApplicationSupportsIndirectInputEvents = YES;
				INFOPLIST_KEY_UILaunchStoryboardName = LaunchScreen;
				INFOPLIST_KEY_UIMainStoryboardFile = Main;
				INFOPLIST_KEY_UISupportedInterfaceOrientations_iPad = "UIInterfaceOrientationPortrait UIInterfaceOrientationPortraitUpsideDown UIInterfaceOrientationLandscapeLeft UIInterfaceOrientationLandscapeRight";
				INFOPLIST_KEY_UISupportedInterfaceOrientations_iPhone = "UIInterfaceOrientationPortrait UIInterfaceOrientationLandscapeLeft UIInterfaceOrientationLandscapeRight";
				LD_RUNPATH_SEARCH_PATHS = (
					"$(inherited)",
					"@executable_path/Frameworks",
				);
				MARKETING_VERSION = 1.0;
				PRODUCT_BUNDLE_IDENTIFIER = design.hybridx.SpaceXLaunch;
				PRODUCT_NAME = "$(TARGET_NAME)";
				SWIFT_EMIT_LOC_STRINGS = YES;
				SWIFT_VERSION = 5.0;
				TARGETED_DEVICE_FAMILY = "1,2";
			};
			name = Debug;
		};
		9DE9EB362776AD2B00A319DB /* Release */ = {
			isa = XCBuildConfiguration;
			baseConfigurationReference = B908984D6B0AEEE4E69AC2DD /* Pods-SpaceXLaunch.release.xcconfig */;
			buildSettings = {
				ASSETCATALOG_COMPILER_APPICON_NAME = AppIcon;
				ASSETCATALOG_COMPILER_GLOBAL_ACCENT_COLOR_NAME = AccentColor;
				CODE_SIGN_STYLE = Automatic;
				CURRENT_PROJECT_VERSION = 1;
				DEVELOPMENT_TEAM = 2H2SS3HKUX;
				GENERATE_INFOPLIST_FILE = YES;
				INFOPLIST_FILE = SpaceXLaunch/Info.plist;
				INFOPLIST_KEY_UIApplicationSupportsIndirectInputEvents = YES;
				INFOPLIST_KEY_UILaunchStoryboardName = LaunchScreen;
				INFOPLIST_KEY_UIMainStoryboardFile = Main;
				INFOPLIST_KEY_UISupportedInterfaceOrientations_iPad = "UIInterfaceOrientationPortrait UIInterfaceOrientationPortraitUpsideDown UIInterfaceOrientationLandscapeLeft UIInterfaceOrientationLandscapeRight";
				INFOPLIST_KEY_UISupportedInterfaceOrientations_iPhone = "UIInterfaceOrientationPortrait UIInterfaceOrientationLandscapeLeft UIInterfaceOrientationLandscapeRight";
				LD_RUNPATH_SEARCH_PATHS = (
					"$(inherited)",
					"@executable_path/Frameworks",
				);
				MARKETING_VERSION = 1.0;
				PRODUCT_BUNDLE_IDENTIFIER = design.hybridx.SpaceXLaunch;
				PRODUCT_NAME = "$(TARGET_NAME)";
				SWIFT_EMIT_LOC_STRINGS = YES;
				SWIFT_VERSION = 5.0;
				TARGETED_DEVICE_FAMILY = "1,2";
			};
			name = Release;
		};
/* End XCBuildConfiguration section */

/* Begin XCConfigurationList section */
		9DE9EB1B2776AD2A00A319DB /* Build configuration list for PBXProject "SpaceXLaunch" */ = {
			isa = XCConfigurationList;
			buildConfigurations = (
				9DE9EB322776AD2B00A319DB /* Debug */,
				9DE9EB332776AD2B00A319DB /* Release */,
			);
			defaultConfigurationIsVisible = 0;
			defaultConfigurationName = Release;
		};
		9DE9EB342776AD2B00A319DB /* Build configuration list for PBXNativeTarget "SpaceXLaunch" */ = {
			isa = XCConfigurationList;
			buildConfigurations = (
				9DE9EB352776AD2B00A319DB /* Debug */,
				9DE9EB362776AD2B00A319DB /* Release */,
			);
			defaultConfigurationIsVisible = 0;
			defaultConfigurationName = Release;
		};
/* End XCConfigurationList section */
	};
	rootObject = 9DE9EB182776AD2A00A319DB /* Project object */;
}
